
Microsoft Visual Studio Solution File, Format Version 12.00
# Visual Studio Version 17
VisualStudioVersion = 17.0.31903.59
MinimumVisualStudioVersion = 10.0.40219.1
Project("{2150E333-8FDC-42A3-9474-1A3956D46DE8}") = "SharedKernel", "SharedKernel", "{A6A27391-4E57-438D-9BEC-912D5D2BD4CC}"
EndProject
Project("{2150E333-8FDC-42A3-9474-1A3956D46DE8}") = "src", "src", "{0D31C9B6-67C0-4970-AA50-B0D2D731CA1F}"
EndProject
Project("{FAE04EC0-301F-11D3-BF4B-00C04F79EFBC}") = "AlgoDDD.SharedKernel", "SharedKernel\src\AlgoDDD.SharedKernel\AlgoDDD.SharedKernel.csproj", "{6F0E8D0D-EC66-4146-92B7-F427F7A0068E}"
EndProject
Project("{2150E333-8FDC-42A3-9474-1A3956D46DE8}") = "SupportingContexts", "SupportingContexts", "{126D005D-0166-40AA-A172-160ECD777E37}"
EndProject
Project("{2150E333-8FDC-42A3-9474-1A3956D46DE8}") = "IdentityAccess", "IdentityAccess", "{0697DAE3-1301-4CFE-B7FE-B8F68357F83B}"
EndProject
Project("{2150E333-8FDC-42A3-9474-1A3956D46DE8}") = "src", "src", "{D1CF0BE1-0EE4-42DC-B705-4A11C01A74C7}"
EndProject
Project("{FAE04EC0-301F-11D3-BF4B-00C04F79EFBC}") = "AlgoDDD.IdentityAccess", "SupportingContexts\IdentityAccess\src\AlgoDDD.IdentityAccess\AlgoDDD.IdentityAccess.csproj", "{973CCF3E-4AEE-4CD7-8F1F-8976242254C3}"
EndProject
Project("{2150E333-8FDC-42A3-9474-1A3956D46DE8}") = "tests", "tests", "{50B93015-21B9-4081-9419-E78710B0E92C}"
EndProject
Project("{FAE04EC0-301F-11D3-BF4B-00C04F79EFBC}") = "AlgoDDD.IdentityAccess.Tests", "SupportingContexts\IdentityAccess\tests\AlgoDDD.IdentityAccess.Tests\AlgoDDD.IdentityAccess.Tests.csproj", "{5DAE252F-516E-4E62-A29A-AF8B9B25052F}"
EndProject
Project("{2150E333-8FDC-42A3-9474-1A3956D46DE8}") = "MarketData", "MarketData", "{6DE45015-2D91-4108-9F16-858C92F04A3E}"
EndProject
Project("{2150E333-8FDC-42A3-9474-1A3956D46DE8}") = "src", "src", "{7CC56FC3-18E8-4C86-9877-0B3EE2B7A1CF}"
EndProject
Project("{FAE04EC0-301F-11D3-BF4B-00C04F79EFBC}") = "AlgoDDD.MarketData", "SupportingContexts\MarketData\src\AlgoDDD.MarketData\AlgoDDD.MarketData.csproj", "{7091F981-FE5F-4A05-83E8-F70981FCBA67}"
EndProject
Project("{2150E333-8FDC-42A3-9474-1A3956D46DE8}") = "tests", "tests", "{702BA9C6-8215-4FC1-8D4B-C5ADDD680BDB}"
EndProject
Project("{FAE04EC0-301F-11D3-BF4B-00C04F79EFBC}") = "AlgoDDD.MarketData.Tests", "SupportingContexts\MarketData\tests\AlgoDDD.MarketData.Tests\AlgoDDD.MarketData.Tests.csproj", "{7DB735AE-F5EE-4F25-B138-518EB25A5250}"
EndProject
Project("{2150E333-8FDC-42A3-9474-1A3956D46DE8}") = "CoreContexts", "CoreContexts", "{B9DCE7F5-3304-4E8D-AD9F-AC9812E7A427}"
EndProject
Project("{2150E333-8FDC-42A3-9474-1A3956D46DE8}") = "Strategy", "Strategy", "{C9F10C40-55EC-4432-975A-12CC725B534E}"
EndProject
Project("{2150E333-8FDC-42A3-9474-1A3956D46DE8}") = "src", "src", "{B00E64DA-6BEB-44D5-AFAB-66BD76F6AADE}"
EndProject
Project("{FAE04EC0-301F-11D3-BF4B-00C04F79EFBC}") = "AlgoDDD.Strategy", "CoreContexts\Strategy\src\AlgoDDD.Strategy\AlgoDDD.Strategy.csproj", "{32153BDE-5979-4B7E-B049-B4F7D914E494}"
EndProject
Project("{2150E333-8FDC-42A3-9474-1A3956D46DE8}") = "tests", "tests", "{B2BA7279-8DC5-42B8-A440-78485DFB9855}"
EndProject
Project("{FAE04EC0-301F-11D3-BF4B-00C04F79EFBC}") = "AlgoDDD.Strategy.Tests", "CoreContexts\Strategy\tests\AlgoDDD.Strategy.Tests\AlgoDDD.Strategy.Tests.csproj", "{70E998CC-98CD-412A-9CB3-40B4AE01BB1C}"
EndProject
Global
	GlobalSection(SolutionConfigurationPlatforms) = preSolution
		Debug|Any CPU = Debug|Any CPU
		Release|Any CPU = Release|Any CPU
	EndGlobalSection
	GlobalSection(SolutionProperties) = preSolution
		HideSolutionNode = FALSE
	EndGlobalSection
	GlobalSection(ProjectConfigurationPlatforms) = postSolution
		{6F0E8D0D-EC66-4146-92B7-F427F7A0068E}.Debug|Any CPU.ActiveCfg = Debug|Any CPU
		{6F0E8D0D-EC66-4146-92B7-F427F7A0068E}.Debug|Any CPU.Build.0 = Debug|Any CPU
		{6F0E8D0D-EC66-4146-92B7-F427F7A0068E}.Release|Any CPU.ActiveCfg = Release|Any CPU
		{6F0E8D0D-EC66-4146-92B7-F427F7A0068E}.Release|Any CPU.Build.0 = Release|Any CPU
		{973CCF3E-4AEE-4CD7-8F1F-8976242254C3}.Debug|Any CPU.ActiveCfg = Debug|Any CPU
		{973CCF3E-4AEE-4CD7-8F1F-8976242254C3}.Debug|Any CPU.Build.0 = Debug|Any CPU
		{973CCF3E-4AEE-4CD7-8F1F-8976242254C3}.Release|Any CPU.ActiveCfg = Release|Any CPU
		{973CCF3E-4AEE-4CD7-8F1F-8976242254C3}.Release|Any CPU.Build.0 = Release|Any CPU
		{5DAE252F-516E-4E62-A29A-AF8B9B25052F}.Debug|Any CPU.ActiveCfg = Debug|Any CPU
		{5DAE252F-516E-4E62-A29A-AF8B9B25052F}.Debug|Any CPU.Build.0 = Debug|Any CPU
		{5DAE252F-516E-4E62-A29A-AF8B9B25052F}.Release|Any CPU.ActiveCfg = Release|Any CPU
		{5DAE252F-516E-4E62-A29A-AF8B9B25052F}.Release|Any CPU.Build.0 = Release|Any CPU
		{7091F981-FE5F-4A05-83E8-F70981FCBA67}.Debug|Any CPU.ActiveCfg = Debug|Any CPU
		{7091F981-FE5F-4A05-83E8-F70981FCBA67}.Debug|Any CPU.Build.0 = Debug|Any CPU
		{7091F981-FE5F-4A05-83E8-F70981FCBA67}.Release|Any CPU.ActiveCfg = Release|Any CPU
		{7091F981-FE5F-4A05-83E8-F70981FCBA67}.Release|Any CPU.Build.0 = Release|Any CPU
		{7DB735AE-F5EE-4F25-B138-518EB25A5250}.Debug|Any CPU.ActiveCfg = Debug|Any CPU
		{7DB735AE-F5EE-4F25-B138-518EB25A5250}.Debug|Any CPU.Build.0 = Debug|Any CPU
		{7DB735AE-F5EE-4F25-B138-518EB25A5250}.Release|Any CPU.ActiveCfg = Release|Any CPU
		{7DB735AE-F5EE-4F25-B138-518EB25A5250}.Release|Any CPU.Build.0 = Release|Any CPU
		{32153BDE-5979-4B7E-B049-B4F7D914E494}.Debug|Any CPU.ActiveCfg = Debug|Any CPU
		{32153BDE-5979-4B7E-B049-B4F7D914E494}.Debug|Any CPU.Build.0 = Debug|Any CPU
		{32153BDE-5979-4B7E-B049-B4F7D914E494}.Release|Any CPU.ActiveCfg = Release|Any CPU
		{32153BDE-5979-4B7E-B049-B4F7D914E494}.Release|Any CPU.Build.0 = Release|Any CPU
		{70E998CC-98CD-412A-9CB3-40B4AE01BB1C}.Debug|Any CPU.ActiveCfg = Debug|Any CPU
		{70E998CC-98CD-412A-9CB3-40B4AE01BB1C}.Debug|Any CPU.Build.0 = Debug|Any CPU
		{70E998CC-98CD-412A-9CB3-40B4AE01BB1C}.Release|Any CPU.ActiveCfg = Release|Any CPU
		{70E998CC-98CD-412A-9CB3-40B4AE01BB1C}.Release|Any CPU.Build.0 = Release|Any CPU
	EndGlobalSection
	GlobalSection(NestedProjects) = preSolution
		{0D31C9B6-67C0-4970-AA50-B0D2D731CA1F} = {A6A27391-4E57-438D-9BEC-912D5D2BD4CC}
		{6F0E8D0D-EC66-4146-92B7-F427F7A0068E} = {0D31C9B6-67C0-4970-AA50-B0D2D731CA1F}
		{0697DAE3-1301-4CFE-B7FE-B8F68357F83B} = {126D005D-0166-40AA-A172-160ECD777E37}
		{D1CF0BE1-0EE4-42DC-B705-4A11C01A74C7} = {0697DAE3-1301-4CFE-B7FE-B8F68357F83B}
		{973CCF3E-4AEE-4CD7-8F1F-8976242254C3} = {D1CF0BE1-0EE4-42DC-B705-4A11C01A74C7}
		{50B93015-21B9-4081-9419-E78710B0E92C} = {0697DAE3-1301-4CFE-B7FE-B8F68357F83B}
		{5DAE252F-516E-4E62-A29A-AF8B9B25052F} = {50B93015-21B9-4081-9419-E78710B0E92C}
		{6DE45015-2D91-4108-9F16-858C92F04A3E} = {126D005D-0166-40AA-A172-160ECD777E37}
		{7CC56FC3-18E8-4C86-9877-0B3EE2B7A1CF} = {6DE45015-2D91-4108-9F16-858C92F04A3E}
		{7091F981-FE5F-4A05-83E8-F70981FCBA67} = {7CC56FC3-18E8-4C86-9877-0B3EE2B7A1CF}
		{702BA9C6-8215-4FC1-8D4B-C5ADDD680BDB} = {6DE45015-2D91-4108-9F16-858C92F04A3E}
		{7DB735AE-F5EE-4F25-B138-518EB25A5250} = {702BA9C6-8215-4FC1-8D4B-C5ADDD680BDB}
		{C9F10C40-55EC-4432-975A-12CC725B534E} = {B9DCE7F5-3304-4E8D-AD9F-AC9812E7A427}
		{B00E64DA-6BEB-44D5-AFAB-66BD76F6AADE} = {C9F10C40-55EC-4432-975A-12CC725B534E}
		{32153BDE-5979-4B7E-B049-B4F7D914E494} = {B00E64DA-6BEB-44D5-AFAB-66BD76F6AADE}
		{B2BA7279-8DC5-42B8-A440-78485DFB9855} = {C9F10C40-55EC-4432-975A-12CC725B534E}
		{70E998CC-98CD-412A-9CB3-40B4AE01BB1C} = {B2BA7279-8DC5-42B8-A440-78485DFB9855}
	EndGlobalSection
EndGlobal
